
Microsoft Visual Studio Solution File, Format Version 12.00
# Visual Studio 15
VisualStudioVersion = 15.0.28307.1022
MinimumVisualStudioVersion = 10.0.40219.1
Project("{8BC9CEB8-8B4A-11D0-8D11-00A0C91BC942}") = "01_AssignmentOperator", "01_AssignmentOperator\01_AssignmentOperator.vcxproj", "{321C1D10-EBA7-46C6-8737-35067611D15C}"
EndProject
Project("{8BC9CEB8-8B4A-11D0-8D11-00A0C91BC942}") = "0301Duplication", "0301Duplication\0301Duplication.vcxproj", "{0538BE92-D684-42F8-8339-362EF9DE93B7}"
EndProject
Project("{8BC9CEB8-8B4A-11D0-8D11-00A0C91BC942}") = "0302Duplication", "0302Duplication\0302Duplication.vcxproj", "{A5F4494E-0FDF-4025-B8C0-57BDA400D62D}"
EndProject
Project("{8BC9CEB8-8B4A-11D0-8D11-00A0C91BC942}") = "04FindInPartiallySortedMatrix", "04FindInPartiallySortedMatrix\04FindInPartiallySortedMatrix.vcxproj", "{F1B0B3CB-1294-407A-BE3C-22B3BF16AD8C}"
EndProject
Project("{8BC9CEB8-8B4A-11D0-8D11-00A0C91BC942}") = "05ReplaceSpaces", "05ReplaceSpaces\05ReplaceSpaces.vcxproj", "{8FE1D298-8A97-471D-A069-65B3E73E9FB2}"
EndProject
Project("{8BC9CEB8-8B4A-11D0-8D11-00A0C91BC942}") = "06PrintListInReversedOrder", "06PrintListInReversedOrder\06PrintListInReversedOrder.vcxproj", "{4A611AF1-4AEE-45BF-BB0C-00F7BEDE8CE7}"
EndProject
Project("{8BC9CEB8-8B4A-11D0-8D11-00A0C91BC942}") = "Utilities", "Utilities\Utilities.vcxproj", "{18EDE1D2-C46E-47B3-808C-13C5B8A92DDC}"
EndProject
Project("{8BC9CEB8-8B4A-11D0-8D11-00A0C91BC942}") = "1801DeleteNode", "1801DeleteNode\1801DeleteNode.vcxproj", "{C0B6827F-31E0-4FCB-A1DD-68E63DB4F0A7}"
EndProject
Project("{8BC9CEB8-8B4A-11D0-8D11-00A0C91BC942}") = "1802DeleteDuplicatedNode", "1802DeleteDuplicatedNode\1802DeleteDuplicatedNode.vcxproj", "{7F11A448-D20B-4FB6-BBFC-5599D62972EA}"
EndProject
Project("{8BC9CEB8-8B4A-11D0-8D11-00A0C91BC942}") = "22KthToTail", "22KthToTail\22KthToTail.vcxproj", "{4B70F06B-2E12-48B3-9D49-C81CA340D144}"
EndProject
Project("{8BC9CEB8-8B4A-11D0-8D11-00A0C91BC942}") = "23EntryNodeInListLoop", "23EntryNodeInListLoop\23EntryNodeInListLoop.vcxproj", "{4559292E-083C-409C-8052-8D8D5F3428BB}"
EndProject
Project("{8BC9CEB8-8B4A-11D0-8D11-00A0C91BC942}") = "24ReverseList", "24ReverseList\24ReverseList.vcxproj", "{E877381E-94BF-49D9-A5E0-A8B9835967CD}"
EndProject
Project("{8BC9CEB8-8B4A-11D0-8D11-00A0C91BC942}") = "25MergeSortedLists", "25MergeSortedLists\25MergeSortedLists.vcxproj", "{BA1A4A21-595F-494D-8399-047BC6A124E1}"
EndProject
Global
	GlobalSection(SolutionConfigurationPlatforms) = preSolution
		Debug|x64 = Debug|x64
		Debug|x86 = Debug|x86
		Release|x64 = Release|x64
		Release|x86 = Release|x86
	EndGlobalSection
	GlobalSection(ProjectConfigurationPlatforms) = postSolution
		{321C1D10-EBA7-46C6-8737-35067611D15C}.Debug|x64.ActiveCfg = Debug|x64
		{321C1D10-EBA7-46C6-8737-35067611D15C}.Debug|x64.Build.0 = Debug|x64
		{321C1D10-EBA7-46C6-8737-35067611D15C}.Debug|x86.ActiveCfg = Debug|Win32
		{321C1D10-EBA7-46C6-8737-35067611D15C}.Debug|x86.Build.0 = Debug|Win32
		{321C1D10-EBA7-46C6-8737-35067611D15C}.Release|x64.ActiveCfg = Release|x64
		{321C1D10-EBA7-46C6-8737-35067611D15C}.Release|x64.Build.0 = Release|x64
		{321C1D10-EBA7-46C6-8737-35067611D15C}.Release|x86.ActiveCfg = Release|Win32
		{321C1D10-EBA7-46C6-8737-35067611D15C}.Release|x86.Build.0 = Release|Win32
		{0538BE92-D684-42F8-8339-362EF9DE93B7}.Debug|x64.ActiveCfg = Debug|x64
		{0538BE92-D684-42F8-8339-362EF9DE93B7}.Debug|x64.Build.0 = Debug|x64
		{0538BE92-D684-42F8-8339-362EF9DE93B7}.Debug|x86.ActiveCfg = Debug|Win32
		{0538BE92-D684-42F8-8339-362EF9DE93B7}.Debug|x86.Build.0 = Debug|Win32
		{0538BE92-D684-42F8-8339-362EF9DE93B7}.Release|x64.ActiveCfg = Release|x64
		{0538BE92-D684-42F8-8339-362EF9DE93B7}.Release|x64.Build.0 = Release|x64
		{0538BE92-D684-42F8-8339-362EF9DE93B7}.Release|x86.ActiveCfg = Release|Win32
		{0538BE92-D684-42F8-8339-362EF9DE93B7}.Release|x86.Build.0 = Release|Win32
		{A5F4494E-0FDF-4025-B8C0-57BDA400D62D}.Debug|x64.ActiveCfg = Debug|x64
		{A5F4494E-0FDF-4025-B8C0-57BDA400D62D}.Debug|x64.Build.0 = Debug|x64
		{A5F4494E-0FDF-4025-B8C0-57BDA400D62D}.Debug|x86.ActiveCfg = Debug|Win32
		{A5F4494E-0FDF-4025-B8C0-57BDA400D62D}.Debug|x86.Build.0 = Debug|Win32
		{A5F4494E-0FDF-4025-B8C0-57BDA400D62D}.Release|x64.ActiveCfg = Release|x64
		{A5F4494E-0FDF-4025-B8C0-57BDA400D62D}.Release|x64.Build.0 = Release|x64
		{A5F4494E-0FDF-4025-B8C0-57BDA400D62D}.Release|x86.ActiveCfg = Release|Win32
		{A5F4494E-0FDF-4025-B8C0-57BDA400D62D}.Release|x86.Build.0 = Release|Win32
		{F1B0B3CB-1294-407A-BE3C-22B3BF16AD8C}.Debug|x64.ActiveCfg = Debug|x64
		{F1B0B3CB-1294-407A-BE3C-22B3BF16AD8C}.Debug|x64.Build.0 = Debug|x64
		{F1B0B3CB-1294-407A-BE3C-22B3BF16AD8C}.Debug|x86.ActiveCfg = Debug|Win32
		{F1B0B3CB-1294-407A-BE3C-22B3BF16AD8C}.Debug|x86.Build.0 = Debug|Win32
		{F1B0B3CB-1294-407A-BE3C-22B3BF16AD8C}.Release|x64.ActiveCfg = Release|x64
		{F1B0B3CB-1294-407A-BE3C-22B3BF16AD8C}.Release|x64.Build.0 = Release|x64
		{F1B0B3CB-1294-407A-BE3C-22B3BF16AD8C}.Release|x86.ActiveCfg = Release|Win32
		{F1B0B3CB-1294-407A-BE3C-22B3BF16AD8C}.Release|x86.Build.0 = Release|Win32
		{8FE1D298-8A97-471D-A069-65B3E73E9FB2}.Debug|x64.ActiveCfg = Debug|x64
		{8FE1D298-8A97-471D-A069-65B3E73E9FB2}.Debug|x64.Build.0 = Debug|x64
		{8FE1D298-8A97-471D-A069-65B3E73E9FB2}.Debug|x86.ActiveCfg = Debug|Win32
		{8FE1D298-8A97-471D-A069-65B3E73E9FB2}.Debug|x86.Build.0 = Debug|Win32
		{8FE1D298-8A97-471D-A069-65B3E73E9FB2}.Release|x64.ActiveCfg = Release|x64
		{8FE1D298-8A97-471D-A069-65B3E73E9FB2}.Release|x64.Build.0 = Release|x64
		{8FE1D298-8A97-471D-A069-65B3E73E9FB2}.Release|x86.ActiveCfg = Release|Win32
		{8FE1D298-8A97-471D-A069-65B3E73E9FB2}.Release|x86.Build.0 = Release|Win32
		{4A611AF1-4AEE-45BF-BB0C-00F7BEDE8CE7}.Debug|x64.ActiveCfg = Debug|x64
		{4A611AF1-4AEE-45BF-BB0C-00F7BEDE8CE7}.Debug|x64.Build.0 = Debug|x64
		{4A611AF1-4AEE-45BF-BB0C-00F7BEDE8CE7}.Debug|x86.ActiveCfg = Debug|Win32
		{4A611AF1-4AEE-45BF-BB0C-00F7BEDE8CE7}.Debug|x86.Build.0 = Debug|Win32
		{4A611AF1-4AEE-45BF-BB0C-00F7BEDE8CE7}.Release|x64.ActiveCfg = Release|x64
		{4A611AF1-4AEE-45BF-BB0C-00F7BEDE8CE7}.Release|x64.Build.0 = Release|x64
		{4A611AF1-4AEE-45BF-BB0C-00F7BEDE8CE7}.Release|x86.ActiveCfg = Release|Win32
		{4A611AF1-4AEE-45BF-BB0C-00F7BEDE8CE7}.Release|x86.Build.0 = Release|Win32
		{18EDE1D2-C46E-47B3-808C-13C5B8A92DDC}.Debug|x64.ActiveCfg = Debug|x64
		{18EDE1D2-C46E-47B3-808C-13C5B8A92DDC}.Debug|x64.Build.0 = Debug|x64
		{18EDE1D2-C46E-47B3-808C-13C5B8A92DDC}.Debug|x86.ActiveCfg = Debug|Win32
		{18EDE1D2-C46E-47B3-808C-13C5B8A92DDC}.Debug|x86.Build.0 = Debug|Win32
		{18EDE1D2-C46E-47B3-808C-13C5B8A92DDC}.Release|x64.ActiveCfg = Release|x64
		{18EDE1D2-C46E-47B3-808C-13C5B8A92DDC}.Release|x64.Build.0 = Release|x64
		{18EDE1D2-C46E-47B3-808C-13C5B8A92DDC}.Release|x86.ActiveCfg = Release|Win32
		{18EDE1D2-C46E-47B3-808C-13C5B8A92DDC}.Release|x86.Build.0 = Release|Win32
		{C0B6827F-31E0-4FCB-A1DD-68E63DB4F0A7}.Debug|x64.ActiveCfg = Debug|x64
		{C0B6827F-31E0-4FCB-A1DD-68E63DB4F0A7}.Debug|x64.Build.0 = Debug|x64
		{C0B6827F-31E0-4FCB-A1DD-68E63DB4F0A7}.Debug|x86.ActiveCfg = Debug|Win32
		{C0B6827F-31E0-4FCB-A1DD-68E63DB4F0A7}.Debug|x86.Build.0 = Debug|Win32
		{C0B6827F-31E0-4FCB-A1DD-68E63DB4F0A7}.Release|x64.ActiveCfg = Release|x64
		{C0B6827F-31E0-4FCB-A1DD-68E63DB4F0A7}.Release|x64.Build.0 = Release|x64
		{C0B6827F-31E0-4FCB-A1DD-68E63DB4F0A7}.Release|x86.ActiveCfg = Release|Win32
		{C0B6827F-31E0-4FCB-A1DD-68E63DB4F0A7}.Release|x86.Build.0 = Release|Win32
		{7F11A448-D20B-4FB6-BBFC-5599D62972EA}.Debug|x64.ActiveCfg = Debug|x64
		{7F11A448-D20B-4FB6-BBFC-5599D62972EA}.Debug|x64.Build.0 = Debug|x64
		{7F11A448-D20B-4FB6-BBFC-5599D62972EA}.Debug|x86.ActiveCfg = Debug|Win32
		{7F11A448-D20B-4FB6-BBFC-5599D62972EA}.Debug|x86.Build.0 = Debug|Win32
		{7F11A448-D20B-4FB6-BBFC-5599D62972EA}.Release|x64.ActiveCfg = Release|x64
		{7F11A448-D20B-4FB6-BBFC-5599D62972EA}.Release|x64.Build.0 = Release|x64
		{7F11A448-D20B-4FB6-BBFC-5599D62972EA}.Release|x86.ActiveCfg = Release|Win32
		{7F11A448-D20B-4FB6-BBFC-5599D62972EA}.Release|x86.Build.0 = Release|Win32
		{4B70F06B-2E12-48B3-9D49-C81CA340D144}.Debug|x64.ActiveCfg = Debug|x64
		{4B70F06B-2E12-48B3-9D49-C81CA340D144}.Debug|x64.Build.0 = Debug|x64
		{4B70F06B-2E12-48B3-9D49-C81CA340D144}.Debug|x86.ActiveCfg = Debug|Win32
		{4B70F06B-2E12-48B3-9D49-C81CA340D144}.Debug|x86.Build.0 = Debug|Win32
		{4B70F06B-2E12-48B3-9D49-C81CA340D144}.Release|x64.ActiveCfg = Release|x64
		{4B70F06B-2E12-48B3-9D49-C81CA340D144}.Release|x64.Build.0 = Release|x64
		{4B70F06B-2E12-48B3-9D49-C81CA340D144}.Release|x86.ActiveCfg = Release|Win32
		{4B70F06B-2E12-48B3-9D49-C81CA340D144}.Release|x86.Build.0 = Release|Win32
		{4559292E-083C-409C-8052-8D8D5F3428BB}.Debug|x64.ActiveCfg = Debug|x64
		{4559292E-083C-409C-8052-8D8D5F3428BB}.Debug|x64.Build.0 = Debug|x64
		{4559292E-083C-409C-8052-8D8D5F3428BB}.Debug|x86.ActiveCfg = Debug|Win32
		{4559292E-083C-409C-8052-8D8D5F3428BB}.Debug|x86.Build.0 = Debug|Win32
		{4559292E-083C-409C-8052-8D8D5F3428BB}.Release|x64.ActiveCfg = Release|x64
		{4559292E-083C-409C-8052-8D8D5F3428BB}.Release|x64.Build.0 = Release|x64
		{4559292E-083C-409C-8052-8D8D5F3428BB}.Release|x86.ActiveCfg = Release|Win32
		{4559292E-083C-409C-8052-8D8D5F3428BB}.Release|x86.Build.0 = Release|Win32
		{E877381E-94BF-49D9-A5E0-A8B9835967CD}.Debug|x64.ActiveCfg = Debug|x64
		{E877381E-94BF-49D9-A5E0-A8B9835967CD}.Debug|x64.Build.0 = Debug|x64
		{E877381E-94BF-49D9-A5E0-A8B9835967CD}.Debug|x86.ActiveCfg = Debug|Win32
		{E877381E-94BF-49D9-A5E0-A8B9835967CD}.Debug|x86.Build.0 = Debug|Win32
		{E877381E-94BF-49D9-A5E0-A8B9835967CD}.Release|x64.ActiveCfg = Release|x64
		{E877381E-94BF-49D9-A5E0-A8B9835967CD}.Release|x64.Build.0 = Release|x64
		{E877381E-94BF-49D9-A5E0-A8B9835967CD}.Release|x86.ActiveCfg = Release|Win32
		{E877381E-94BF-49D9-A5E0-A8B9835967CD}.Release|x86.Build.0 = Release|Win32
		{BA1A4A21-595F-494D-8399-047BC6A124E1}.Debug|x64.ActiveCfg = Debug|x64
		{BA1A4A21-595F-494D-8399-047BC6A124E1}.Debug|x64.Build.0 = Debug|x64
		{BA1A4A21-595F-494D-8399-047BC6A124E1}.Debug|x86.ActiveCfg = Debug|Win32
		{BA1A4A21-595F-494D-8399-047BC6A124E1}.Debug|x86.Build.0 = Debug|Win32
		{BA1A4A21-595F-494D-8399-047BC6A124E1}.Release|x64.ActiveCfg = Release|x64
		{BA1A4A21-595F-494D-8399-047BC6A124E1}.Release|x64.Build.0 = Release|x64
		{BA1A4A21-595F-494D-8399-047BC6A124E1}.Release|x86.ActiveCfg = Release|Win32
		{BA1A4A21-595F-494D-8399-047BC6A124E1}.Release|x86.Build.0 = Release|Win32
	EndGlobalSection
	GlobalSection(SolutionProperties) = preSolution
		HideSolutionNode = FALSE
	EndGlobalSection
	GlobalSection(ExtensibilityGlobals) = postSolution
		SolutionGuid = {F614DC86-F720-4B1C-8CEF-21641222E4E3}
	EndGlobalSection
EndGlobal
